
Microsoft Visual Studio Solution File, Format Version 12.00
# Visual Studio Version 17
VisualStudioVersion = 17.14.36414.22 d17.14
MinimumVisualStudioVersion = 10.0.40219.1
Project("{FAE04EC0-301F-11D3-BF4B-00C04F79EFBC}") = "BlockVotes", "BlockVotes\BlockVotes.csproj", "{DD672582-C7B8-4E3C-9550-C4463488F8A3}"
EndProject
Global
	GlobalSection(SolutionConfigurationPlatforms) = preSolution
		Debug|Any CPU = Debug|Any CPU
		Release|Any CPU = Release|Any CPU
	EndGlobalSection
	GlobalSection(ProjectConfigurationPlatforms) = postSolution
		{DD672582-C7B8-4E3C-9550-C4463488F8A3}.Debug|Any CPU.ActiveCfg = Debug|Any CPU
		{DD672582-C7B8-4E3C-9550-C4463488F8A3}.Debug|Any CPU.Build.0 = Debug|Any CPU
		{DD672582-C7B8-4E3C-9550-C4463488F8A3}.Release|Any CPU.ActiveCfg = Release|Any CPU
		{DD672582-C7B8-4E3C-9550-C4463488F8A3}.Release|Any CPU.Build.0 = Release|Any CPU
	EndGlobalSection
	GlobalSection(SolutionProperties) = preSolution
		HideSolutionNode = FALSE
	EndGlobalSection
	GlobalSection(ExtensibilityGlobals) = postSolution
		SolutionGuid = {B3FB93E2-BE30-41EE-9C6F-B4C22DF4A1C3}
	EndGlobalSection
EndGlobal
